// !$*UTF8*$!
{
	archiveVersion = 1;
	classes = {
	};
	objectVersion = 50;
	objects = {

/* Begin PBXBuildFile section */
		1C24F2D1232F520F00E15FC9 /* AppDelegate.swift in Sources */ = {isa = PBXBuildFile; fileRef = 1C24F2D0232F520F00E15FC9 /* AppDelegate.swift */; };
		1C24F2D3232F520F00E15FC9 /* ViewController.swift in Sources */ = {isa = PBXBuildFile; fileRef = 1C24F2D2232F520F00E15FC9 /* ViewController.swift */; };
		1C24F2D6232F520F00E15FC9 /* Main.storyboard in Resources */ = {isa = PBXBuildFile; fileRef = 1C24F2D4232F520F00E15FC9 /* Main.storyboard */; };
		1C24F2D8232F521200E15FC9 /* Assets.xcassets in Resources */ = {isa = PBXBuildFile; fileRef = 1C24F2D7232F521200E15FC9 /* Assets.xcassets */; };
		1C24F2DB232F521200E15FC9 /* LaunchScreen.storyboard in Resources */ = {isa = PBXBuildFile; fileRef = 1C24F2D9232F521200E15FC9 /* LaunchScreen.storyboard */; };
		1C24F2E6232F521200E15FC9 /* SampleTests.swift in Sources */ = {isa = PBXBuildFile; fileRef = 1C24F2E5232F521200E15FC9 /* SampleTests.swift */; };
		1C24F2F1232F521200E15FC9 /* SampleUITests.swift in Sources */ = {isa = PBXBuildFile; fileRef = 1C24F2F0232F521200E15FC9 /* SampleUITests.swift */; };
/* End PBXBuildFile section */

/* Begin PBXContainerItemProxy section */
		1C24F2E2232F521200E15FC9 /* PBXContainerItemProxy */ = {
			isa = PBXContainerItemProxy;
			containerPortal = 1C24F2C5232F520F00E15FC9 /* Project object */;
			proxyType = 1;
			remoteGlobalIDString = 1C24F2CC232F520F00E15FC9;
			remoteInfo = Sample;
		};
		1C24F2ED232F521200E15FC9 /* PBXContainerItemProxy */ = {
			isa = PBXContainerItemProxy;
			containerPortal = 1C24F2C5232F520F00E15FC9 /* Project object */;
			proxyType = 1;
			remoteGlobalIDString = 1C24F2CC232F520F00E15FC9;
			remoteInfo = Sample;
		};
/* End PBXContainerItemProxy section */

/* Begin PBXFileReference section */
		1C24F2CD232F520F00E15FC9 /* Sample.app */ = {isa = PBXFileReference; explicitFileType = wrapper.application; includeInIndex = 0; path = Sample.app; sourceTree = BUILT_PRODUCTS_DIR; };
		1C24F2D0232F520F00E15FC9 /* AppDelegate.swift */ = {isa = PBXFileReference; lastKnownFileType = sourcecode.swift; path = AppDelegate.swift; sourceTree = "<group>"; };
		1C24F2D2232F520F00E15FC9 /* ViewController.swift */ = {isa = PBXFileReference; lastKnownFileType = sourcecode.swift; path = ViewController.swift; sourceTree = "<group>"; };
		1C24F2D5232F520F00E15FC9 /* Base */ = {isa = PBXFileReference; lastKnownFileType = file.storyboard; name = Base; path = Base.lproj/Main.storyboard; sourceTree = "<group>"; };
		1C24F2D7232F521200E15FC9 /* Assets.xcassets */ = {isa = PBXFileReference; lastKnownFileType = folder.assetcatalog; path = Assets.xcassets; sourceTree = "<group>"; };
		1C24F2DA232F521200E15FC9 /* Base */ = {isa = PBXFileReference; lastKnownFileType = file.storyboard; name = Base; path = Base.lproj/LaunchScreen.storyboard; sourceTree = "<group>"; };
		1C24F2DC232F521200E15FC9 /* Info.plist */ = {isa = PBXFileReference; lastKnownFileType = text.plist.xml; path = Info.plist; sourceTree = "<group>"; };
		1C24F2E1232F521200E15FC9 /* SampleTests.xctest */ = {isa = PBXFileReference; explicitFileType = wrapper.cfbundle; includeInIndex = 0; path = SampleTests.xctest; sourceTree = BUILT_PRODUCTS_DIR; };
		1C24F2E5232F521200E15FC9 /* SampleTests.swift */ = {isa = PBXFileReference; lastKnownFileType = sourcecode.swift; path = SampleTests.swift; sourceTree = "<group>"; };
		1C24F2E7232F521200E15FC9 /* Info.plist */ = {isa = PBXFileReference; lastKnownFileType = text.plist.xml; path = Info.plist; sourceTree = "<group>"; };
		1C24F2EC232F521200E15FC9 /* SampleUITests.xctest */ = {isa = PBXFileReference; explicitFileType = wrapper.cfbundle; includeInIndex = 0; path = SampleUITests.xctest; sourceTree = BUILT_PRODUCTS_DIR; };
		1C24F2F0232F521200E15FC9 /* SampleUITests.swift */ = {isa = PBXFileReference; lastKnownFileType = sourcecode.swift; path = SampleUITests.swift; sourceTree = "<group>"; };
		1C24F2F2232F521200E15FC9 /* Info.plist */ = {isa = PBXFileReference; lastKnownFileType = text.plist.xml; path = Info.plist; sourceTree = "<group>"; };
/* End PBXFileReference section */

/* Begin PBXFrameworksBuildPhase section */
		1C24F2CA232F520F00E15FC9 /* Frameworks */ = {
			isa = PBXFrameworksBuildPhase;
			buildActionMask = 2147483647;
			files = (
			);
			runOnlyForDeploymentPostprocessing = 0;
		};
		1C24F2DE232F521200E15FC9 /* Frameworks */ = {
			isa = PBXFrameworksBuildPhase;
			buildActionMask = 2147483647;
			files = (
			);
			runOnlyForDeploymentPostprocessing = 0;
		};
		1C24F2E9232F521200E15FC9 /* Frameworks */ = {
			isa = PBXFrameworksBuildPhase;
			buildActionMask = 2147483647;
			files = (
			);
			runOnlyForDeploymentPostprocessing = 0;
		};
/* End PBXFrameworksBuildPhase section */

/* Begin PBXGroup section */
		1C24F2C4232F520F00E15FC9 = {
			isa = PBXGroup;
			children = (
				1C24F2CF232F520F00E15FC9 /* Sample */,
				1C24F2E4232F521200E15FC9 /* SampleTests */,
				1C24F2EF232F521200E15FC9 /* SampleUITests */,
				1C24F2CE232F520F00E15FC9 /* Products */,
			);
			sourceTree = "<group>";
		};
		1C24F2CE232F520F00E15FC9 /* Products */ = {
			isa = PBXGroup;
			children = (
				1C24F2CD232F520F00E15FC9 /* Sample.app */,
				1C24F2E1232F521200E15FC9 /* SampleTests.xctest */,
				1C24F2EC232F521200E15FC9 /* SampleUITests.xctest */,
			);
			name = Products;
			sourceTree = "<group>";
		};
		1C24F2CF232F520F00E15FC9 /* Sample */ = {
			isa = PBXGroup;
			children = (
				1C24F2D0232F520F00E15FC9 /* AppDelegate.swift */,
				1C24F2D2232F520F00E15FC9 /* ViewController.swift */,
				1C24F2D4232F520F00E15FC9 /* Main.storyboard */,
				1C24F2D7232F521200E15FC9 /* Assets.xcassets */,
				1C24F2D9232F521200E15FC9 /* LaunchScreen.storyboard */,
				1C24F2DC232F521200E15FC9 /* Info.plist */,
			);
			path = Sample;
			sourceTree = "<group>";
		};
		1C24F2E4232F521200E15FC9 /* SampleTests */ = {
			isa = PBXGroup;
			children = (
				1C24F2E5232F521200E15FC9 /* SampleTests.swift */,
				1C24F2E7232F521200E15FC9 /* Info.plist */,
			);
			path = SampleTests;
			sourceTree = "<group>";
		};
		1C24F2EF232F521200E15FC9 /* SampleUITests */ = {
			isa = PBXGroup;
			children = (
				1C24F2F0232F521200E15FC9 /* SampleUITests.swift */,
				1C24F2F2232F521200E15FC9 /* Info.plist */,
			);
			path = SampleUITests;
			sourceTree = "<group>";
		};
/* End PBXGroup section */

/* Begin PBXNativeTarget section */
		1C24F2CC232F520F00E15FC9 /* Sample */ = {
			isa = PBXNativeTarget;
			buildConfigurationList = 1C24F2F5232F521200E15FC9 /* Build configuration list for PBXNativeTarget "Sample" */;
			buildPhases = (
				1C24F2C9232F520F00E15FC9 /* Sources */,
				1C24F2CA232F520F00E15FC9 /* Frameworks */,
				1C24F2CB232F520F00E15FC9 /* Resources */,
			);
			buildRules = (
			);
			dependencies = (
			);
			name = Sample;
			productName = Sample;
			productReference = 1C24F2CD232F520F00E15FC9 /* Sample.app */;
			productType = "com.apple.product-type.application";
		};
		1C24F2E0232F521200E15FC9 /* SampleTests */ = {
			isa = PBXNativeTarget;
			buildConfigurationList = 1C24F2F8232F521200E15FC9 /* Build configuration list for PBXNativeTarget "SampleTests" */;
			buildPhases = (
				1C24F2DD232F521200E15FC9 /* Sources */,
				1C24F2DE232F521200E15FC9 /* Frameworks */,
				1C24F2DF232F521200E15FC9 /* Resources */,
			);
			buildRules = (
			);
			dependencies = (
				1C24F2E3232F521200E15FC9 /* PBXTargetDependency */,
			);
			name = SampleTests;
			productName = SampleTests;
			productReference = 1C24F2E1232F521200E15FC9 /* SampleTests.xctest */;
			productType = "com.apple.product-type.bundle.unit-test";
		};
		1C24F2EB232F521200E15FC9 /* SampleUITests */ = {
			isa = PBXNativeTarget;
			buildConfigurationList = 1C24F2FB232F521200E15FC9 /* Build configuration list for PBXNativeTarget "SampleUITests" */;
			buildPhases = (
				1C24F2E8232F521200E15FC9 /* Sources */,
				1C24F2E9232F521200E15FC9 /* Frameworks */,
				1C24F2EA232F521200E15FC9 /* Resources */,
			);
			buildRules = (
			);
			dependencies = (
				1C24F2EE232F521200E15FC9 /* PBXTargetDependency */,
			);
			name = SampleUITests;
			productName = SampleUITests;
			productReference = 1C24F2EC232F521200E15FC9 /* SampleUITests.xctest */;
			productType = "com.apple.product-type.bundle.ui-testing";
		};
/* End PBXNativeTarget section */

/* Begin PBXProject section */
		1C24F2C5232F520F00E15FC9 /* Project object */ = {
			isa = PBXProject;
			attributes = {
				LastSwiftUpdateCheck = 1030;
				LastUpgradeCheck = 1030;
				ORGANIZATIONNAME = exam_org;
				TargetAttributes = {
					1C24F2CC232F520F00E15FC9 = {
						CreatedOnToolsVersion = 10.3;
					};
					1C24F2E0232F521200E15FC9 = {
						CreatedOnToolsVersion = 10.3;
						TestTargetID = 1C24F2CC232F520F00E15FC9;
					};
					1C24F2EB232F521200E15FC9 = {
						CreatedOnToolsVersion = 10.3;
						TestTargetID = 1C24F2CC232F520F00E15FC9;
					};
				};
			};
			buildConfigurationList = 1C24F2C8232F520F00E15FC9 /* Build configuration list for PBXProject "Sample" */;
			compatibilityVersion = "Xcode 9.3";
			developmentRegion = en;
			hasScannedForEncodings = 0;
			knownRegions = (
				en,
				Base,
			);
			mainGroup = 1C24F2C4232F520F00E15FC9;
			productRefGroup = 1C24F2CE232F520F00E15FC9 /* Products */;
			projectDirPath = "";
			projectRoot = "";
			targets = (
				1C24F2CC232F520F00E15FC9 /* Sample */,
				1C24F2E0232F521200E15FC9 /* SampleTests */,
				1C24F2EB232F521200E15FC9 /* SampleUITests */,
			);
		};
/* End PBXProject section */

/* Begin PBXResourcesBuildPhase section */
		1C24F2CB232F520F00E15FC9 /* Resources */ = {
			isa = PBXResourcesBuildPhase;
			buildActionMask = 2147483647;
			files = (
				1C24F2DB232F521200E15FC9 /* LaunchScreen.storyboard in Resources */,
				1C24F2D8232F521200E15FC9 /* Assets.xcassets in Resources */,
				1C24F2D6232F520F00E15FC9 /* Main.storyboard in Resources */,
			);
			runOnlyForDeploymentPostprocessing = 0;
		};
		1C24F2DF232F521200E15FC9 /* Resources */ = {
			isa = PBXResourcesBuildPhase;
			buildActionMask = 2147483647;
			files = (
			);
			runOnlyForDeploymentPostprocessing = 0;
		};
		1C24F2EA232F521200E15FC9 /* Resources */ = {
			isa = PBXResourcesBuildPhase;
			buildActionMask = 2147483647;
			files = (
			);
			runOnlyForDeploymentPostprocessing = 0;
		};
/* End PBXResourcesBuildPhase section */

/* Begin PBXSourcesBuildPhase section */
		1C24F2C9232F520F00E15FC9 /* Sources */ = {
			isa = PBXSourcesBuildPhase;
			buildActionMask = 2147483647;
			files = (
				1C24F2D3232F520F00E15FC9 /* ViewController.swift in Sources */,
				1C24F2D1232F520F00E15FC9 /* AppDelegate.swift in Sources */,
			);
			runOnlyForDeploymentPostprocessing = 0;
		};
		1C24F2DD232F521200E15FC9 /* Sources */ = {
			isa = PBXSourcesBuildPhase;
			buildActionMask = 2147483647;
			files = (
				1C24F2E6232F521200E15FC9 /* SampleTests.swift in Sources */,
			);
			runOnlyForDeploymentPostprocessing = 0;
		};
		1C24F2E8232F521200E15FC9 /* Sources */ = {
			isa = PBXSourcesBuildPhase;
			buildActionMask = 2147483647;
			files = (
				1C24F2F1232F521200E15FC9 /* SampleUITests.swift in Sources */,
			);
			runOnlyForDeploymentPostprocessing = 0;
		};
/* End PBXSourcesBuildPhase section */

/* Begin PBXTargetDependency section */
		1C24F2E3232F521200E15FC9 /* PBXTargetDependency */ = {
			isa = PBXTargetDependency;
			target = 1C24F2CC232F520F00E15FC9 /* Sample */;
			targetProxy = 1C24F2E2232F521200E15FC9 /* PBXContainerItemProxy */;
		};
		1C24F2EE232F521200E15FC9 /* PBXTargetDependency */ = {
			isa = PBXTargetDependency;
			target = 1C24F2CC232F520F00E15FC9 /* Sample */;
			targetProxy = 1C24F2ED232F521200E15FC9 /* PBXContainerItemProxy */;
		};
/* End PBXTargetDependency section */

/* Begin PBXVariantGroup section */
		1C24F2D4232F520F00E15FC9 /* Main.storyboard */ = {
			isa = PBXVariantGroup;
			children = (
				1C24F2D5232F520F00E15FC9 /* Base */,
			);
			name = Main.storyboard;
			sourceTree = "<group>";
		};
		1C24F2D9232F521200E15FC9 /* LaunchScreen.storyboard */ = {
			isa = PBXVariantGroup;
			children = (
				1C24F2DA232F521200E15FC9 /* Base */,
			);
			name = LaunchScreen.storyboard;
			sourceTree = "<group>";
		};
/* End PBXVariantGroup section */

/* Begin XCBuildConfiguration section */
		1C24F2F3232F521200E15FC9 /* Debug */ = {
			isa = XCBuildConfiguration;
			buildSettings = {
				ALWAYS_SEARCH_USER_PATHS = NO;
				CLANG_ANALYZER_NONNULL = YES;
				CLANG_ANALYZER_NUMBER_OBJECT_CONVERSION = YES_AGGRESSIVE;
				CLANG_CXX_LANGUAGE_STANDARD = "gnu++14";
				CLANG_CXX_LIBRARY = "libc++";
				CLANG_ENABLE_MODULES = YES;
				CLANG_ENABLE_OBJC_ARC = YES;
				CLANG_ENABLE_OBJC_WEAK = YES;
				CLANG_WARN_BLOCK_CAPTURE_AUTORELEASING = YES;
				CLANG_WARN_BOOL_CONVERSION = YES;
				CLANG_WARN_COMMA = YES;
				CLANG_WARN_CONSTANT_CONVERSION = YES;
				CLANG_WARN_DEPRECATED_OBJC_IMPLEMENTATIONS = YES;
				CLANG_WARN_DIRECT_OBJC_ISA_USAGE = YES_ERROR;
				CLANG_WARN_DOCUMENTATION_COMMENTS = YES;
				CLANG_WARN_EMPTY_BODY = YES;
				CLANG_WARN_ENUM_CONVERSION = YES;
				CLANG_WARN_INFINITE_RECURSION = YES;
				CLANG_WARN_INT_CONVERSION = YES;
				CLANG_WARN_NON_LITERAL_NULL_CONVERSION = YES;
				CLANG_WARN_OBJC_IMPLICIT_RETAIN_SELF = YES;
				CLANG_WARN_OBJC_LITERAL_CONVERSION = YES;
				CLANG_WARN_OBJC_ROOT_CLASS = YES_ERROR;
				CLANG_WARN_RANGE_LOOP_ANALYSIS = YES;
				CLANG_WARN_STRICT_PROTOTYPES = YES;
				CLANG_WARN_SUSPICIOUS_MOVE = YES;
				CLANG_WARN_UNGUARDED_AVAILABILITY = YES_AGGRESSIVE;
				CLANG_WARN_UNREACHABLE_CODE = YES;
				CLANG_WARN__DUPLICATE_METHOD_MATCH = YES;
				CODE_SIGN_IDENTITY = "iPhone Developer";
				COPY_PHASE_STRIP = NO;
				DEBUG_INFORMATION_FORMAT = dwarf;
				ENABLE_STRICT_OBJC_MSGSEND = YES;
				ENABLE_TESTABILITY = YES;
				GCC_C_LANGUAGE_STANDARD = gnu11;
				GCC_DYNAMIC_NO_PIC = NO;
				GCC_NO_COMMON_BLOCKS = YES;
				GCC_OPTIMIZATION_LEVEL = 0;
				GCC_PREPROCESSOR_DEFINITIONS = (
					"DEBUG=1",
					"$(inherited)",
				);
				GCC_WARN_64_TO_32_BIT_CONVERSION = YES;
				GCC_WARN_ABOUT_RETURN_TYPE = YES_ERROR;
				GCC_WARN_UNDECLARED_SELECTOR = YES;
				GCC_WARN_UNINITIALIZED_AUTOS = YES_AGGRESSIVE;
				GCC_WARN_UNUSED_FUNCTION = YES;
				GCC_WARN_UNUSED_VARIABLE = YES;
				IPHONEOS_DEPLOYMENT_TARGET = 12.4;
				MTL_ENABLE_DEBUG_INFO = INCLUDE_SOURCE;
				MTL_FAST_MATH = YES;
				ONLY_ACTIVE_ARCH = YES;
				SDKROOT = iphoneos;
				SWIFT_ACTIVE_COMPILATION_CONDITIONS = DEBUG;
				SWIFT_OPTIMIZATION_LEVEL = "-Onone";
			};
			name = Debug;
		};
		1C24F2F4232F521200E15FC9 /* Release */ = {
			isa = XCBuildConfiguration;
			buildSettings = {
				ALWAYS_SEARCH_USER_PATHS = NO;
				CLANG_ANALYZER_NONNULL = YES;
				CLANG_ANALYZER_NUMBER_OBJECT_CONVERSION = YES_AGGRESSIVE;
				CLANG_CXX_LANGUAGE_STANDARD = "gnu++14";
				CLANG_CXX_LIBRARY = "libc++";
				CLANG_ENABLE_MODULES = YES;
				CLANG_ENABLE_OBJC_ARC = YES;
				CLANG_ENABLE_OBJC_WEAK = YES;
				CLANG_WARN_BLOCK_CAPTURE_AUTORELEASING = YES;
				CLANG_WARN_BOOL_CONVERSION = YES;
				CLANG_WARN_COMMA = YES;
				CLANG_WARN_CONSTANT_CONVERSION = YES;
				CLANG_WARN_DEPRECATED_OBJC_IMPLEMENTATIONS = YES;
				CLANG_WARN_DIRECT_OBJC_ISA_USAGE = YES_ERROR;
				CLANG_WARN_DOCUMENTATION_COMMENTS = YES;
				CLANG_WARN_EMPTY_BODY = YES;
				CLANG_WARN_ENUM_CONVERSION = YES;
				CLANG_WARN_INFINITE_RECURSION = YES;
				CLANG_WARN_INT_CONVERSION = YES;
				CLANG_WARN_NON_LITERAL_NULL_CONVERSION = YES;
				CLANG_WARN_OBJC_IMPLICIT_RETAIN_SELF = YES;
				CLANG_WARN_OBJC_LITERAL_CONVERSION = YES;
				CLANG_WARN_OBJC_ROOT_CLASS = YES_ERROR;
				CLANG_WARN_RANGE_LOOP_ANALYSIS = YES;
				CLANG_WARN_STRICT_PROTOTYPES = YES;
				CLANG_WARN_SUSPICIOUS_MOVE = YES;
				CLANG_WARN_UNGUARDED_AVAILABILITY = YES_AGGRESSIVE;
				CLANG_WARN_UNREACHABLE_CODE = YES;
				CLANG_WARN__DUPLICATE_METHOD_MATCH = YES;
				CODE_SIGN_IDENTITY = "iPhone Developer";
				COPY_PHASE_STRIP = NO;
				DEBUG_INFORMATION_FORMAT = "dwarf-with-dsym";
				ENABLE_NS_ASSERTIONS = NO;
				ENABLE_STRICT_OBJC_MSGSEND = YES;
				GCC_C_LANGUAGE_STANDARD = gnu11;
				GCC_NO_COMMON_BLOCKS = YES;
				GCC_WARN_64_TO_32_BIT_CONVERSION = YES;
				GCC_WARN_ABOUT_RETURN_TYPE = YES_ERROR;
				GCC_WARN_UNDECLARED_SELECTOR = YES;
				GCC_WARN_UNINITIALIZED_AUTOS = YES_AGGRESSIVE;
				GCC_WARN_UNUSED_FUNCTION = YES;
				GCC_WARN_UNUSED_VARIABLE = YES;
				IPHONEOS_DEPLOYMENT_TARGET = 12.4;
				MTL_ENABLE_DEBUG_INFO = NO;
				MTL_FAST_MATH = YES;
				SDKROOT = iphoneos;
				SWIFT_COMPILATION_MODE = wholemodule;
				SWIFT_OPTIMIZATION_LEVEL = "-O";
				VALIDATE_PRODUCT = YES;
			};
			name = Release;
		};
		1C24F2F6232F521200E15FC9 /* Debug */ = {
			isa = XCBuildConfiguration;
			buildSettings = {
				ASSETCATALOG_COMPILER_APPICON_NAME = AppIcon;
				CODE_SIGN_STYLE = Automatic;
				INFOPLIST_FILE = Sample/Info.plist;
				LD_RUNPATH_SEARCH_PATHS = (
					"$(inherited)",
					"@executable_path/Frameworks",
				);
				PRODUCT_BUNDLE_IDENTIFIER = "-.0.Sample";
				PRODUCT_NAME = "$(TARGET_NAME)";
				SWIFT_VERSION = 5.0;
				TARGETED_DEVICE_FAMILY = "1,2";
			};
			name = Debug;
		};
		1C24F2F7232F521200E15FC9 /* Release */ = {
			isa = XCBuildConfiguration;
			buildSettings = {
				ASSETCATALOG_COMPILER_APPICON_NAME = AppIcon;
				CODE_SIGN_STYLE = Automatic;
				INFOPLIST_FILE = Sample/Info.plist;
				LD_RUNPATH_SEARCH_PATHS = (
					"$(inherited)",
					"@executable_path/Frameworks",
				);
				PRODUCT_BUNDLE_IDENTIFIER = "-.0.Sample";
				PRODUCT_NAME = "$(TARGET_NAME)";
				SWIFT_VERSION = 5.0;
				TARGETED_DEVICE_FAMILY = "1,2";
			};
			name = Release;
		};
		1C24F2F9232F521200E15FC9 /* Debug */ = {
			isa = XCBuildConfiguration;
			buildSettings = {
				ALWAYS_EMBED_SWIFT_STANDARD_LIBRARIES = YES;
				BUNDLE_LOADER = "$(TEST_HOST)";
				CODE_SIGN_STYLE = Automatic;
				INFOPLIST_FILE = SampleTests/Info.plist;
				LD_RUNPATH_SEARCH_PATHS = (
					"$(inherited)",
					"@executable_path/Frameworks",
					"@loader_path/Frameworks",
				);
				PRODUCT_BUNDLE_IDENTIFIER = "-.0.SampleTests";
				PRODUCT_NAME = "$(TARGET_NAME)";
				SWIFT_VERSION = 5.0;
				TARGETED_DEVICE_FAMILY = "1,2";
				TEST_HOST = "$(BUILT_PRODUCTS_DIR)/Sample.app/Sample";
			};
			name = Debug;
		};
		1C24F2FA232F521200E15FC9 /* Release */ = {
			isa = XCBuildConfiguration;
			buildSettings = {
				ALWAYS_EMBED_SWIFT_STANDARD_LIBRARIES = YES;
				BUNDLE_LOADER = "$(TEST_HOST)";
				CODE_SIGN_STYLE = Automatic;
				INFOPLIST_FILE = SampleTests/Info.plist;
				LD_RUNPATH_SEARCH_PATHS = (
					"$(inherited)",
					"@executable_path/Frameworks",
					"@loader_path/Frameworks",
				);
				PRODUCT_BUNDLE_IDENTIFIER = "-.0.SampleTests";
				PRODUCT_NAME = "$(TARGET_NAME)";
				SWIFT_VERSION = 5.0;
				TARGETED_DEVICE_FAMILY = "1,2";
				TEST_HOST = "$(BUILT_PRODUCTS_DIR)/Sample.app/Sample";
			};
			name = Release;
		};
		1C24F2FC232F521200E15FC9 /* Debug */ = {
			isa = XCBuildConfiguration;
			buildSettings = {
				ALWAYS_EMBED_SWIFT_STANDARD_LIBRARIES = YES;
				CODE_SIGN_STYLE = Automatic;
				INFOPLIST_FILE = SampleUITests/Info.plist;
				LD_RUNPATH_SEARCH_PATHS = (
					"$(inherited)",
					"@executable_path/Frameworks",
					"@loader_path/Frameworks",
				);
				PRODUCT_BUNDLE_IDENTIFIER = "-.0.SampleUITests";
				PRODUCT_NAME = "$(TARGET_NAME)";
				SWIFT_VERSION = 5.0;
				TARGETED_DEVICE_FAMILY = "1,2";
				TEST_TARGET_NAME = Sample;
			};
			name = Debug;
		};
		1C24F2FD232F521200E15FC9 /* Release */ = {
			isa = XCBuildConfiguration;
			buildSettings = {
				ALWAYS_EMBED_SWIFT_STANDARD_LIBRARIES = YES;
				CODE_SIGN_STYLE = Automatic;
				INFOPLIST_FILE = SampleUITests/Info.plist;
				LD_RUNPATH_SEARCH_PATHS = (
					"$(inherited)",
					"@executable_path/Frameworks",
					"@loader_path/Frameworks",
				);
				PRODUCT_BUNDLE_IDENTIFIER = "-.0.SampleUITests";
				PRODUCT_NAME = "$(TARGET_NAME)";
				SWIFT_VERSION = 5.0;
				TARGETED_DEVICE_FAMILY = "1,2";
				TEST_TARGET_NAME = Sample;
			};
			name = Release;
		};
/* End XCBuildConfiguration section */

/* Begin XCConfigurationList section */
		1C24F2C8232F520F00E15FC9 /* Build configuration list for PBXProject "Sample" */ = {
			isa = XCConfigurationList;
			buildConfigurations = (
				1C24F2F3232F521200E15FC9 /* Debug */,
				1C24F2F4232F521200E15FC9 /* Release */,
			);
			defaultConfigurationIsVisible = 0;
			defaultConfigurationName = Release;
		};
		1C24F2F5232F521200E15FC9 /* Build configuration list for PBXNativeTarget "Sample" */ = {
			isa = XCConfigurationList;
			buildConfigurations = (
				1C24F2F6232F521200E15FC9 /* Debug */,
				1C24F2F7232F521200E15FC9 /* Release */,
			);
			defaultConfigurationIsVisible = 0;
			defaultConfigurationName = Release;
		};
		1C24F2F8232F521200E15FC9 /* Build configuration list for PBXNativeTarget "SampleTests" */ = {
			isa = XCConfigurationList;
			buildConfigurations = (
				1C24F2F9232F521200E15FC9 /* Debug */,
				1C24F2FA232F521200E15FC9 /* Release */,
			);
			defaultConfigurationIsVisible = 0;
			defaultConfigurationName = Release;
		};
		1C24F2FB232F521200E15FC9 /* Build configuration list for PBXNativeTarget "SampleUITests" */ = {
			isa = XCConfigurationList;
			buildConfigurations = (
				1C24F2FC232F521200E15FC9 /* Debug */,
				1C24F2FD232F521200E15FC9 /* Release */,
			);
			defaultConfigurationIsVisible = 0;
			defaultConfigurationName = Release;
		};
/* End XCConfigurationList section */
	};
	rootObject = 1C24F2C5232F520F00E15FC9 /* Project object */;
}
